
Microsoft Visual Studio Solution File, Format Version 12.00
# Visual Studio Version 16
VisualStudioVersion = 16.0.29709.97
MinimumVisualStudioVersion = 10.0.40219.1
Project("{FAE04EC0-301F-11D3-BF4B-00C04F79EFBC}") = "BookCase.Entities", "BookCase.Entities\BookCase.Entities.csproj", "{62E24FE8-214D-4C5F-9656-3F4C4437FBDB}"
EndProject
Project("{FAE04EC0-301F-11D3-BF4B-00C04F79EFBC}") = "BookCase.DataAccess", "BookCase.DataAccess\BookCase.DataAccess.csproj", "{4FD38C78-660A-42B5-B5A6-24BFF54053EE}"
EndProject
Project("{FAE04EC0-301F-11D3-BF4B-00C04F79EFBC}") = "BookCaseApp", "BookCaseApp\BookCaseApp.csproj", "{DFCDBA6B-1FE3-4D66-AB66-3C8F83D82C42}"
EndProject
Project("{FAE04EC0-301F-11D3-BF4B-00C04F79EFBC}") = "BookCase.Business", "BookCase.Business\BookCase.Business.csproj", "{3D8E7913-D9E8-4B30-A0D3-38FE21E51C38}"
EndProject
Global
	GlobalSection(SolutionConfigurationPlatforms) = preSolution
		Debug|Any CPU = Debug|Any CPU
		Release|Any CPU = Release|Any CPU
	EndGlobalSection
	GlobalSection(ProjectConfigurationPlatforms) = postSolution
		{62E24FE8-214D-4C5F-9656-3F4C4437FBDB}.Debug|Any CPU.ActiveCfg = Debug|Any CPU
		{62E24FE8-214D-4C5F-9656-3F4C4437FBDB}.Debug|Any CPU.Build.0 = Debug|Any CPU
		{62E24FE8-214D-4C5F-9656-3F4C4437FBDB}.Release|Any CPU.ActiveCfg = Release|Any CPU
		{62E24FE8-214D-4C5F-9656-3F4C4437FBDB}.Release|Any CPU.Build.0 = Release|Any CPU
		{4FD38C78-660A-42B5-B5A6-24BFF54053EE}.Debug|Any CPU.ActiveCfg = Debug|Any CPU
		{4FD38C78-660A-42B5-B5A6-24BFF54053EE}.Debug|Any CPU.Build.0 = Debug|Any CPU
		{4FD38C78-660A-42B5-B5A6-24BFF54053EE}.Release|Any CPU.ActiveCfg = Release|Any CPU
		{4FD38C78-660A-42B5-B5A6-24BFF54053EE}.Release|Any CPU.Build.0 = Release|Any CPU
		{DFCDBA6B-1FE3-4D66-AB66-3C8F83D82C42}.Debug|Any CPU.ActiveCfg = Debug|Any CPU
		{DFCDBA6B-1FE3-4D66-AB66-3C8F83D82C42}.Debug|Any CPU.Build.0 = Debug|Any CPU
		{DFCDBA6B-1FE3-4D66-AB66-3C8F83D82C42}.Release|Any CPU.ActiveCfg = Release|Any CPU
		{DFCDBA6B-1FE3-4D66-AB66-3C8F83D82C42}.Release|Any CPU.Build.0 = Release|Any CPU
		{3D8E7913-D9E8-4B30-A0D3-38FE21E51C38}.Debug|Any CPU.ActiveCfg = Debug|Any CPU
		{3D8E7913-D9E8-4B30-A0D3-38FE21E51C38}.Debug|Any CPU.Build.0 = Debug|Any CPU
		{3D8E7913-D9E8-4B30-A0D3-38FE21E51C38}.Release|Any CPU.ActiveCfg = Release|Any CPU
		{3D8E7913-D9E8-4B30-A0D3-38FE21E51C38}.Release|Any CPU.Build.0 = Release|Any CPU
	EndGlobalSection
	GlobalSection(SolutionProperties) = preSolution
		HideSolutionNode = FALSE
	EndGlobalSection
	GlobalSection(ExtensibilityGlobals) = postSolution
		SolutionGuid = {F9612916-336E-4C97-A9CE-86ECE4C9BA8A}
	EndGlobalSection
EndGlobal
